// !$*UTF8*$!
{
	archiveVersion = 1;
	classes = {
	};
	objectVersion = 46;
	objects = {

/* Begin PBXBuildFile section */
		D26830221B5FC3C600ACBF9F /* main.m in Sources */ = {isa = PBXBuildFile; fileRef = D26830211B5FC3C600ACBF9F /* main.m */; };
		D26830251B5FC3C600ACBF9F /* AppDelegate.m in Sources */ = {isa = PBXBuildFile; fileRef = D26830241B5FC3C600ACBF9F /* AppDelegate.m */; };
		D26830281B5FC3C600ACBF9F /* ViewController.m in Sources */ = {isa = PBXBuildFile; fileRef = D26830271B5FC3C600ACBF9F /* ViewController.m */; };
		D268302B1B5FC3C600ACBF9F /* Main.storyboard in Resources */ = {isa = PBXBuildFile; fileRef = D26830291B5FC3C600ACBF9F /* Main.storyboard */; };
		D268302D1B5FC3C600ACBF9F /* Images.xcassets in Resources */ = {isa = PBXBuildFile; fileRef = D268302C1B5FC3C600ACBF9F /* Images.xcassets */; };
		D26830301B5FC3C600ACBF9F /* LaunchScreen.xib in Resources */ = {isa = PBXBuildFile; fileRef = D268302E1B5FC3C600ACBF9F /* LaunchScreen.xib */; };
		D268303C1B5FC3C600ACBF9F /* CAShapeLayerTestTests.m in Sources */ = {isa = PBXBuildFile; fileRef = D268303B1B5FC3C600ACBF9F /* CAShapeLayerTestTests.m */; };
/* End PBXBuildFile section */

/* Begin PBXContainerItemProxy section */
		D26830361B5FC3C600ACBF9F /* PBXContainerItemProxy */ = {
			isa = PBXContainerItemProxy;
			containerPortal = D26830141B5FC3C600ACBF9F /* Project object */;
			proxyType = 1;
			remoteGlobalIDString = D268301B1B5FC3C600ACBF9F;
			remoteInfo = CAShapeLayerTest;
		};
/* End PBXContainerItemProxy section */

/* Begin PBXFileReference section */
		D268301C1B5FC3C600ACBF9F /* CAShapeLayerTest.app */ = {isa = PBXFileReference; explicitFileType = wrapper.application; includeInIndex = 0; path = CAShapeLayerTest.app; sourceTree = BUILT_PRODUCTS_DIR; };
		D26830201B5FC3C600ACBF9F /* Info.plist */ = {isa = PBXFileReference; lastKnownFileType = text.plist.xml; path = Info.plist; sourceTree = "<group>"; };
		D26830211B5FC3C600ACBF9F /* main.m */ = {isa = PBXFileReference; lastKnownFileType = sourcecode.c.objc; path = main.m; sourceTree = "<group>"; };
		D26830231B5FC3C600ACBF9F /* AppDelegate.h */ = {isa = PBXFileReference; lastKnownFileType = sourcecode.c.h; path = AppDelegate.h; sourceTree = "<group>"; };
		D26830241B5FC3C600ACBF9F /* AppDelegate.m */ = {isa = PBXFileReference; lastKnownFileType = sourcecode.c.objc; path = AppDelegate.m; sourceTree = "<group>"; };
		D26830261B5FC3C600ACBF9F /* ViewController.h */ = {isa = PBXFileReference; lastKnownFileType = sourcecode.c.h; path = ViewController.h; sourceTree = "<group>"; };
		D26830271B5FC3C600ACBF9F /* ViewController.m */ = {isa = PBXFileReference; lastKnownFileType = sourcecode.c.objc; path = ViewController.m; sourceTree = "<group>"; };
		D268302A1B5FC3C600ACBF9F /* Base */ = {isa = PBXFileReference; lastKnownFileType = file.storyboard; name = Base; path = Base.lproj/Main.storyboard; sourceTree = "<group>"; };
		D268302C1B5FC3C600ACBF9F /* Images.xcassets */ = {isa = PBXFileReference; lastKnownFileType = folder.assetcatalog; path = Images.xcassets; sourceTree = "<group>"; };
		D268302F1B5FC3C600ACBF9F /* Base */ = {isa = PBXFileReference; lastKnownFileType = file.xib; name = Base; path = Base.lproj/LaunchScreen.xib; sourceTree = "<group>"; };
		D26830351B5FC3C600ACBF9F /* CAShapeLayerTestTests.xctest */ = {isa = PBXFileReference; explicitFileType = wrapper.cfbundle; includeInIndex = 0; path = CAShapeLayerTestTests.xctest; sourceTree = BUILT_PRODUCTS_DIR; };
		D268303A1B5FC3C600ACBF9F /* Info.plist */ = {isa = PBXFileReference; lastKnownFileType = text.plist.xml; path = Info.plist; sourceTree = "<group>"; };
		D268303B1B5FC3C600ACBF9F /* CAShapeLayerTestTests.m */ = {isa = PBXFileReference; lastKnownFileType = sourcecode.c.objc; path = CAShapeLayerTestTests.m; sourceTree = "<group>"; };
/* End PBXFileReference section */

/* Begin PBXFrameworksBuildPhase section */
		D26830191B5FC3C600ACBF9F /* Frameworks */ = {
			isa = PBXFrameworksBuildPhase;
			buildActionMask = 2147483647;
			files = (
			);
			runOnlyForDeploymentPostprocessing = 0;
		};
		D26830321B5FC3C600ACBF9F /* Frameworks */ = {
			isa = PBXFrameworksBuildPhase;
			buildActionMask = 2147483647;
			files = (
			);
			runOnlyForDeploymentPostprocessing = 0;
		};
/* End PBXFrameworksBuildPhase section */

/* Begin PBXGroup section */
		D26830131B5FC3C600ACBF9F = {
			isa = PBXGroup;
			children = (
				D268301E1B5FC3C600ACBF9F /* CAShapeLayerTest */,
				D26830381B5FC3C600ACBF9F /* CAShapeLayerTestTests */,
				D268301D1B5FC3C600ACBF9F /* Products */,
			);
			sourceTree = "<group>";
		};
		D268301D1B5FC3C600ACBF9F /* Products */ = {
			isa = PBXGroup;
			children = (
				D268301C1B5FC3C600ACBF9F /* CAShapeLayerTest.app */,
				D26830351B5FC3C600ACBF9F /* CAShapeLayerTestTests.xctest */,
			);
			name = Products;
			sourceTree = "<group>";
		};
		D268301E1B5FC3C600ACBF9F /* CAShapeLayerTest */ = {
			isa = PBXGroup;
			children = (
				D26830231B5FC3C600ACBF9F /* AppDelegate.h */,
				D26830241B5FC3C600ACBF9F /* AppDelegate.m */,
				D26830261B5FC3C600ACBF9F /* ViewController.h */,
				D26830271B5FC3C600ACBF9F /* ViewController.m */,
				D26830291B5FC3C600ACBF9F /* Main.storyboard */,
				D268302C1B5FC3C600ACBF9F /* Images.xcassets */,
				D268302E1B5FC3C600ACBF9F /* LaunchScreen.xib */,
				D268301F1B5FC3C600ACBF9F /* Supporting Files */,
			);
			path = CAShapeLayerTest;
			sourceTree = "<group>";
		};
		D268301F1B5FC3C600ACBF9F /* Supporting Files */ = {
			isa = PBXGroup;
			children = (
				D26830201B5FC3C600ACBF9F /* Info.plist */,
				D26830211B5FC3C600ACBF9F /* main.m */,
			);
			name = "Supporting Files";
			sourceTree = "<group>";
		};
		D26830381B5FC3C600ACBF9F /* CAShapeLayerTestTests */ = {
			isa = PBXGroup;
			children = (
				D268303B1B5FC3C600ACBF9F /* CAShapeLayerTestTests.m */,
				D26830391B5FC3C600ACBF9F /* Supporting Files */,
			);
			path = CAShapeLayerTestTests;
			sourceTree = "<group>";
		};
		D26830391B5FC3C600ACBF9F /* Supporting Files */ = {
			isa = PBXGroup;
			children = (
				D268303A1B5FC3C600ACBF9F /* Info.plist */,
			);
			name = "Supporting Files";
			sourceTree = "<group>";
		};
/* End PBXGroup section */

/* Begin PBXNativeTarget section */
		D268301B1B5FC3C600ACBF9F /* CAShapeLayerTest */ = {
			isa = PBXNativeTarget;
			buildConfigurationList = D268303F1B5FC3C600ACBF9F /* Build configuration list for PBXNativeTarget "CAShapeLayerTest" */;
			buildPhases = (
				D26830181B5FC3C600ACBF9F /* Sources */,
				D26830191B5FC3C600ACBF9F /* Frameworks */,
				D268301A1B5FC3C600ACBF9F /* Resources */,
			);
			buildRules = (
			);
			dependencies = (
			);
			name = CAShapeLayerTest;
			productName = CAShapeLayerTest;
			productReference = D268301C1B5FC3C600ACBF9F /* CAShapeLayerTest.app */;
			productType = "com.apple.product-type.application";
		};
		D26830341B5FC3C600ACBF9F /* CAShapeLayerTestTests */ = {
			isa = PBXNativeTarget;
			buildConfigurationList = D26830421B5FC3C600ACBF9F /* Build configuration list for PBXNativeTarget "CAShapeLayerTestTests" */;
			buildPhases = (
				D26830311B5FC3C600ACBF9F /* Sources */,
				D26830321B5FC3C600ACBF9F /* Frameworks */,
				D26830331B5FC3C600ACBF9F /* Resources */,
			);
			buildRules = (
			);
			dependencies = (
				D26830371B5FC3C600ACBF9F /* PBXTargetDependency */,
			);
			name = CAShapeLayerTestTests;
			productName = CAShapeLayerTestTests;
			productReference = D26830351B5FC3C600ACBF9F /* CAShapeLayerTestTests.xctest */;
			productType = "com.apple.product-type.bundle.unit-test";
		};
/* End PBXNativeTarget section */

/* Begin PBXProject section */
		D26830141B5FC3C600ACBF9F /* Project object */ = {
			isa = PBXProject;
			attributes = {
				LastUpgradeCheck = 0630;
				ORGANIZATIONNAME = "Shang Chuanren";
				TargetAttributes = {
					D268301B1B5FC3C600ACBF9F = {
						CreatedOnToolsVersion = 6.3.2;
					};
					D26830341B5FC3C600ACBF9F = {
						CreatedOnToolsVersion = 6.3.2;
						TestTargetID = D268301B1B5FC3C600ACBF9F;
					};
				};
			};
			buildConfigurationList = D26830171B5FC3C600ACBF9F /* Build configuration list for PBXProject "CAShapeLayerTest" */;
			compatibilityVersion = "Xcode 3.2";
			developmentRegion = English;
			hasScannedForEncodings = 0;
			knownRegions = (
				en,
				Base,
			);
			mainGroup = D26830131B5FC3C600ACBF9F;
			productRefGroup = D268301D1B5FC3C600ACBF9F /* Products */;
			projectDirPath = "";
			projectRoot = "";
			targets = (
				D268301B1B5FC3C600ACBF9F /* CAShapeLayerTest */,
				D26830341B5FC3C600ACBF9F /* CAShapeLayerTestTests */,
			);
		};
/* End PBXProject section */

/* Begin PBXResourcesBuildPhase section */
		D268301A1B5FC3C600ACBF9F /* Resources */ = {
			isa = PBXResourcesBuildPhase;
			buildActionMask = 2147483647;
			files = (
				D268302B1B5FC3C600ACBF9F /* Main.storyboard in Resources */,
				D26830301B5FC3C600ACBF9F /* LaunchScreen.xib in Resources */,
				D268302D1B5FC3C600ACBF9F /* Images.xcassets in Resources */,
			);
			runOnlyForDeploymentPostprocessing = 0;
		};
		D26830331B5FC3C600ACBF9F /* Resources */ = {
			isa = PBXResourcesBuildPhase;
			buildActionMask = 2147483647;
			files = (
			);
			runOnlyForDeploymentPostprocessing = 0;
		};
/* End PBXResourcesBuildPhase section */

/* Begin PBXSourcesBuildPhase section */
		D26830181B5FC3C600ACBF9F /* Sources */ = {
			isa = PBXSourcesBuildPhase;
			buildActionMask = 2147483647;
			files = (
				D26830281B5FC3C600ACBF9F /* ViewController.m in Sources */,
				D26830251B5FC3C600ACBF9F /* AppDelegate.m in Sources */,
				D26830221B5FC3C600ACBF9F /* main.m in Sources */,
			);
			runOnlyForDeploymentPostprocessing = 0;
		};
		D26830311B5FC3C600ACBF9F /* Sources */ = {
			isa = PBXSourcesBuildPhase;
			buildActionMask = 2147483647;
			files = (
				D268303C1B5FC3C600ACBF9F /* CAShapeLayerTestTests.m in Sources */,
			);
			runOnlyForDeploymentPostprocessing = 0;
		};
/* End PBXSourcesBuildPhase section */

/* Begin PBXTargetDependency section */
		D26830371B5FC3C600ACBF9F /* PBXTargetDependency */ = {
			isa = PBXTargetDependency;
			target = D268301B1B5FC3C600ACBF9F /* CAShapeLayerTest */;
			targetProxy = D26830361B5FC3C600ACBF9F /* PBXContainerItemProxy */;
		};
/* End PBXTargetDependency section */

/* Begin PBXVariantGroup section */
		D26830291B5FC3C600ACBF9F /* Main.storyboard */ = {
			isa = PBXVariantGroup;
			children = (
				D268302A1B5FC3C600ACBF9F /* Base */,
			);
			name = Main.storyboard;
			sourceTree = "<group>";
		};
		D268302E1B5FC3C600ACBF9F /* LaunchScreen.xib */ = {
			isa = PBXVariantGroup;
			children = (
				D268302F1B5FC3C600ACBF9F /* Base */,
			);
			name = LaunchScreen.xib;
			sourceTree = "<group>";
		};
/* End PBXVariantGroup section */

/* Begin XCBuildConfiguration section */
		D268303D1B5FC3C600ACBF9F /* Debug */ = {
			isa = XCBuildConfiguration;
			buildSettings = {
				ALWAYS_SEARCH_USER_PATHS = NO;
				CLANG_CXX_LANGUAGE_STANDARD = "gnu++0x";
				CLANG_CXX_LIBRARY = "libc++";
				CLANG_ENABLE_MODULES = YES;
				CLANG_ENABLE_OBJC_ARC = YES;
				CLANG_WARN_BOOL_CONVERSION = YES;
				CLANG_WARN_CONSTANT_CONVERSION = YES;
				CLANG_WARN_DIRECT_OBJC_ISA_USAGE = YES_ERROR;
				CLANG_WARN_EMPTY_BODY = YES;
				CLANG_WARN_ENUM_CONVERSION = YES;
				CLANG_WARN_INT_CONVERSION = YES;
				CLANG_WARN_OBJC_ROOT_CLASS = YES_ERROR;
				CLANG_WARN_UNREACHABLE_CODE = YES;
				CLANG_WARN__DUPLICATE_METHOD_MATCH = YES;
				"CODE_SIGN_IDENTITY[sdk=iphoneos*]" = "iPhone Developer";
				COPY_PHASE_STRIP = NO;
				DEBUG_INFORMATION_FORMAT = "dwarf-with-dsym";
				ENABLE_STRICT_OBJC_MSGSEND = YES;
				GCC_C_LANGUAGE_STANDARD = gnu99;
				GCC_DYNAMIC_NO_PIC = NO;
				GCC_NO_COMMON_BLOCKS = YES;
				GCC_OPTIMIZATION_LEVEL = 0;
				GCC_PREPROCESSOR_DEFINITIONS = (
					"DEBUG=1",
					"$(inherited)",
				);
				GCC_SYMBOLS_PRIVATE_EXTERN = NO;
				GCC_WARN_64_TO_32_BIT_CONVERSION = YES;
				GCC_WARN_ABOUT_RETURN_TYPE = YES_ERROR;
				GCC_WARN_UNDECLARED_SELECTOR = YES;
				GCC_WARN_UNINITIALIZED_AUTOS = YES_AGGRESSIVE;
				GCC_WARN_UNUSED_FUNCTION = YES;
				GCC_WARN_UNUSED_VARIABLE = YES;
				IPHONEOS_DEPLOYMENT_TARGET = 8.3;
				MTL_ENABLE_DEBUG_INFO = YES;
				ONLY_ACTIVE_ARCH = YES;
				SDKROOT = iphoneos;
				TARGETED_DEVICE_FAMILY = "1,2";
			};
			name = Debug;
		};
		D268303E1B5FC3C600ACBF9F /* Release */ = {
			isa = XCBuildConfiguration;
			buildSettings = {
				ALWAYS_SEARCH_USER_PATHS = NO;
				CLANG_CXX_LANGUAGE_STANDARD = "gnu++0x";
				CLANG_CXX_LIBRARY = "libc++";
				CLANG_ENABLE_MODULES = YES;
				CLANG_ENABLE_OBJC_ARC = YES;
				CLANG_WARN_BOOL_CONVERSION = YES;
				CLANG_WARN_CONSTANT_CONVERSION = YES;
				CLANG_WARN_DIRECT_OBJC_ISA_USAGE = YES_ERROR;
				CLANG_WARN_EMPTY_BODY = YES;
				CLANG_WARN_ENUM_CONVERSION = YES;
				CLANG_WARN_INT_CONVERSION = YES;
				CLANG_WARN_OBJC_ROOT_CLASS = YES_ERROR;
				CLANG_WARN_UNREACHABLE_CODE = YES;
				CLANG_WARN__DUPLICATE_METHOD_MATCH = YES;
				"CODE_SIGN_IDENTITY[sdk=iphoneos*]" = "iPhone Developer";
				COPY_PHASE_STRIP = NO;
				DEBUG_INFORMATION_FORMAT = "dwarf-with-dsym";
				ENABLE_NS_ASSERTIONS = NO;
				ENABLE_STRICT_OBJC_MSGSEND = YES;
				GCC_C_LANGUAGE_STANDARD = gnu99;
				GCC_NO_COMMON_BLOCKS = YES;
				GCC_WARN_64_TO_32_BIT_CONVERSION = YES;
				GCC_WARN_ABOUT_RETURN_TYPE = YES_ERROR;
				GCC_WARN_UNDECLARED_SELECTOR = YES;
				GCC_WARN_UNINITIALIZED_AUTOS = YES_AGGRESSIVE;
				GCC_WARN_UNUSED_FUNCTION = YES;
				GCC_WARN_UNUSED_VARIABLE = YES;
				IPHONEOS_DEPLOYMENT_TARGET = 8.3;
				MTL_ENABLE_DEBUG_INFO = NO;
				SDKROOT = iphoneos;
				TARGETED_DEVICE_FAMILY = "1,2";
				VALIDATE_PRODUCT = YES;
			};
			name = Release;
		};
		D26830401B5FC3C600ACBF9F /* Debug */ = {
			isa = XCBuildConfiguration;
			buildSettings = {
				ASSETCATALOG_COMPILER_APPICON_NAME = AppIcon;
				INFOPLIST_FILE = CAShapeLayerTest/Info.plist;
				LD_RUNPATH_SEARCH_PATHS = "$(inherited) @executable_path/Frameworks";
				PRODUCT_NAME = "$(TARGET_NAME)";
			};
			name = Debug;
		};
		D26830411B5FC3C600ACBF9F /* Release */ = {
			isa = XCBuildConfiguration;
			buildSettings = {
				ASSETCATALOG_COMPILER_APPICON_NAME = AppIcon;
				INFOPLIST_FILE = CAShapeLayerTest/Info.plist;
				LD_RUNPATH_SEARCH_PATHS = "$(inherited) @executable_path/Frameworks";
				PRODUCT_NAME = "$(TARGET_NAME)";
			};
			name = Release;
		};
		D26830431B5FC3C600ACBF9F /* Debug */ = {
			isa = XCBuildConfiguration;
			buildSettings = {
				BUNDLE_LOADER = "$(TEST_HOST)";
				FRAMEWORK_SEARCH_PATHS = (
					"$(SDKROOT)/Developer/Library/Frameworks",
					"$(inherited)",
				);
				GCC_PREPROCESSOR_DEFINITIONS = (
					"DEBUG=1",
					"$(inherited)",
				);
				INFOPLIST_FILE = CAShapeLayerTestTests/Info.plist;
				LD_RUNPATH_SEARCH_PATHS = "$(inherited) @executable_path/Frameworks @loader_path/Frameworks";
				PRODUCT_NAME = "$(TARGET_NAME)";
				TEST_HOST = "$(BUILT_PRODUCTS_DIR)/CAShapeLayerTest.app/CAShapeLayerTest";
			};
			name = Debug;
		};
		D26830441B5FC3C600ACBF9F /* Release */ = {
			isa = XCBuildConfiguration;
			buildSettings = {
				BUNDLE_LOADER = "$(TEST_HOST)";
				FRAMEWORK_SEARCH_PATHS = (
					"$(SDKROOT)/Developer/Library/Frameworks",
					"$(inherited)",
				);
				INFOPLIST_FILE = CAShapeLayerTestTests/Info.plist;
				LD_RUNPATH_SEARCH_PATHS = "$(inherited) @executable_path/Frameworks @loader_path/Frameworks";
				PRODUCT_NAME = "$(TARGET_NAME)";
				TEST_HOST = "$(BUILT_PRODUCTS_DIR)/CAShapeLayerTest.app/CAShapeLayerTest";
			};
			name = Release;
		};
/* End XCBuildConfiguration section */

/* Begin XCConfigurationList section */
		D26830171B5FC3C600ACBF9F /* Build configuration list for PBXProject "CAShapeLayerTest" */ = {
			isa = XCConfigurationList;
			buildConfigurations = (
				D268303D1B5FC3C600ACBF9F /* Debug */,
				D268303E1B5FC3C600ACBF9F /* Release */,
			);
			defaultConfigurationIsVisible = 0;
			defaultConfigurationName = Release;
		};
		D268303F1B5FC3C600ACBF9F /* Build configuration list for PBXNativeTarget "CAShapeLayerTest" */ = {
			isa = XCConfigurationList;
			buildConfigurations = (
				D26830401B5FC3C600ACBF9F /* Debug */,
				D26830411B5FC3C600ACBF9F /* Release */,
			);
			defaultConfigurationIsVisible = 0;
		};
		D26830421B5FC3C600ACBF9F /* Build configuration list for PBXNativeTarget "CAShapeLayerTestTests" */ = {
			isa = XCConfigurationList;
			buildConfigurations = (
				D26830431B5FC3C600ACBF9F /* Debug */,
				D26830441B5FC3C600ACBF9F /* Release */,
			);
			defaultConfigurationIsVisible = 0;
		};
/* End XCConfigurationList section */
	};
	rootObject = D26830141B5FC3C600ACBF9F /* Project object */;
}
